
Microsoft Visual Studio Solution File, Format Version 12.00
# Visual Studio Version 16
VisualStudioVersion = 16.0.31613.86
MinimumVisualStudioVersion = 10.0.40219.1
Project("{9A19103F-16F7-4668-BE54-9A1E7A4F7556}") = "TallerWebAPI", "Taller Web API\TallerWebAPI.csproj", "{703CEE9B-107A-41B9-9CDD-0F0E09DBDE1B}"
EndProject
Project("{9A19103F-16F7-4668-BE54-9A1E7A4F7556}") = "Core", "Core\Core.csproj", "{1E0077DE-5B62-46F5-88F1-4B04ABFFC86D}"
EndProject
Project("{9A19103F-16F7-4668-BE54-9A1E7A4F7556}") = "Infrastructure", "Infrastructure\Infrastructure.csproj", "{2C8B80A1-7158-4F4E-BC59-07BF6511BC71}"
EndProject
Global
	GlobalSection(SolutionConfigurationPlatforms) = preSolution
		Debug|Any CPU = Debug|Any CPU
		Release|Any CPU = Release|Any CPU
	EndGlobalSection
	GlobalSection(ProjectConfigurationPlatforms) = postSolution
		{703CEE9B-107A-41B9-9CDD-0F0E09DBDE1B}.Debug|Any CPU.ActiveCfg = Debug|Any CPU
		{703CEE9B-107A-41B9-9CDD-0F0E09DBDE1B}.Debug|Any CPU.Build.0 = Debug|Any CPU
		{703CEE9B-107A-41B9-9CDD-0F0E09DBDE1B}.Release|Any CPU.ActiveCfg = Release|Any CPU
		{703CEE9B-107A-41B9-9CDD-0F0E09DBDE1B}.Release|Any CPU.Build.0 = Release|Any CPU
		{1E0077DE-5B62-46F5-88F1-4B04ABFFC86D}.Debug|Any CPU.ActiveCfg = Debug|Any CPU
		{1E0077DE-5B62-46F5-88F1-4B04ABFFC86D}.Debug|Any CPU.Build.0 = Debug|Any CPU
		{1E0077DE-5B62-46F5-88F1-4B04ABFFC86D}.Release|Any CPU.ActiveCfg = Release|Any CPU
		{1E0077DE-5B62-46F5-88F1-4B04ABFFC86D}.Release|Any CPU.Build.0 = Release|Any CPU
		{2C8B80A1-7158-4F4E-BC59-07BF6511BC71}.Debug|Any CPU.ActiveCfg = Debug|Any CPU
		{2C8B80A1-7158-4F4E-BC59-07BF6511BC71}.Debug|Any CPU.Build.0 = Debug|Any CPU
		{2C8B80A1-7158-4F4E-BC59-07BF6511BC71}.Release|Any CPU.ActiveCfg = Release|Any CPU
		{2C8B80A1-7158-4F4E-BC59-07BF6511BC71}.Release|Any CPU.Build.0 = Release|Any CPU
	EndGlobalSection
	GlobalSection(SolutionProperties) = preSolution
		HideSolutionNode = FALSE
	EndGlobalSection
	GlobalSection(ExtensibilityGlobals) = postSolution
		SolutionGuid = {893E59FE-6BD7-49CB-9657-29BE367F82A5}
	EndGlobalSection
EndGlobal
